
Microsoft Visual Studio Solution File, Format Version 12.00
# Visual Studio Version 17
VisualStudioVersion = 17.11.35312.102
MinimumVisualStudioVersion = 10.0.40219.1
Project("{FAE04EC0-301F-11D3-BF4B-00C04F79EFBC}") = "classes_structs_oop", "classes_structs_oop\classes_structs_oop.csproj", "{D025224B-E488-47EE-9273-E9C40B61831A}"
EndProject
Global
	GlobalSection(SolutionConfigurationPlatforms) = preSolution
		Debug|Any CPU = Debug|Any CPU
		Release|Any CPU = Release|Any CPU
	EndGlobalSection
	GlobalSection(ProjectConfigurationPlatforms) = postSolution
		{D025224B-E488-47EE-9273-E9C40B61831A}.Debug|Any CPU.ActiveCfg = Debug|Any CPU
		{D025224B-E488-47EE-9273-E9C40B61831A}.Debug|Any CPU.Build.0 = Debug|Any CPU
		{D025224B-E488-47EE-9273-E9C40B61831A}.Release|Any CPU.ActiveCfg = Release|Any CPU
		{D025224B-E488-47EE-9273-E9C40B61831A}.Release|Any CPU.Build.0 = Release|Any CPU
	EndGlobalSection
	GlobalSection(SolutionProperties) = preSolution
		HideSolutionNode = FALSE
	EndGlobalSection
	GlobalSection(ExtensibilityGlobals) = postSolution
		SolutionGuid = {5E2E8134-7DF4-4592-B730-9EBC3043F3C4}
	EndGlobalSection
EndGlobal
